
Microsoft Visual Studio Solution File, Format Version 12.00
# Visual Studio Version 17
VisualStudioVersion = 17.0.31903.59
MinimumVisualStudioVersion = 10.0.40219.1
Project("{FAE04EC0-301F-11D3-BF4B-00C04F79EFBC}") = "ADOGenerator", "ADOGenerator\ADOGenerator.csproj", "{2DB109D2-20D0-4600-B7AE-ED54A4B08FCB}"
EndProject
Project("{FAE04EC0-301F-11D3-BF4B-00C04F79EFBC}") = "API", "API\API.csproj", "{E80922D2-51DC-4C2E-BF71-CBE8C444DCFC}"
EndProject
Global
	GlobalSection(SolutionConfigurationPlatforms) = preSolution
		Debug|Any CPU = Debug|Any CPU
		Release|Any CPU = Release|Any CPU
	EndGlobalSection
	GlobalSection(SolutionProperties) = preSolution
		HideSolutionNode = FALSE
	EndGlobalSection
	GlobalSection(ProjectConfigurationPlatforms) = postSolution
		{2DB109D2-20D0-4600-B7AE-ED54A4B08FCB}.Debug|Any CPU.ActiveCfg = Debug|Any CPU
		{2DB109D2-20D0-4600-B7AE-ED54A4B08FCB}.Debug|Any CPU.Build.0 = Debug|Any CPU
		{2DB109D2-20D0-4600-B7AE-ED54A4B08FCB}.Release|Any CPU.ActiveCfg = Release|Any CPU
		{2DB109D2-20D0-4600-B7AE-ED54A4B08FCB}.Release|Any CPU.Build.0 = Release|Any CPU
		{E80922D2-51DC-4C2E-BF71-CBE8C444DCFC}.Debug|Any CPU.ActiveCfg = Debug|Any CPU
		{E80922D2-51DC-4C2E-BF71-CBE8C444DCFC}.Debug|Any CPU.Build.0 = Debug|Any CPU
		{E80922D2-51DC-4C2E-BF71-CBE8C444DCFC}.Release|Any CPU.ActiveCfg = Release|Any CPU
		{E80922D2-51DC-4C2E-BF71-CBE8C444DCFC}.Release|Any CPU.Build.0 = Release|Any CPU
	EndGlobalSection
EndGlobal
